
Microsoft Visual Studio Solution File, Format Version 12.00
# Visual Studio Version 17
VisualStudioVersion = 17.6.33815.320
MinimumVisualStudioVersion = 10.0.40219.1
Project("{FAE04EC0-301F-11D3-BF4B-00C04F79EFBC}") = "AppOne", "AppOne\AppOne.csproj", "{6685DDD4-1BBD-428E-ADEF-CA2E4F2ED8C2}"
EndProject
Global
	GlobalSection(SolutionConfigurationPlatforms) = preSolution
		Debug|Any CPU = Debug|Any CPU
		Release|Any CPU = Release|Any CPU
	EndGlobalSection
	GlobalSection(ProjectConfigurationPlatforms) = postSolution
		{6685DDD4-1BBD-428E-ADEF-CA2E4F2ED8C2}.Debug|Any CPU.ActiveCfg = Debug|Any CPU
		{6685DDD4-1BBD-428E-ADEF-CA2E4F2ED8C2}.Debug|Any CPU.Build.0 = Debug|Any CPU
		{6685DDD4-1BBD-428E-ADEF-CA2E4F2ED8C2}.Release|Any CPU.ActiveCfg = Release|Any CPU
		{6685DDD4-1BBD-428E-ADEF-CA2E4F2ED8C2}.Release|Any CPU.Build.0 = Release|Any CPU
	EndGlobalSection
	GlobalSection(SolutionProperties) = preSolution
		HideSolutionNode = FALSE
	EndGlobalSection
	GlobalSection(ExtensibilityGlobals) = postSolution
		SolutionGuid = {4A2CBDC5-222A-41CA-B912-714BB24C9678}
	EndGlobalSection
EndGlobal
